
Microsoft Visual Studio Solution File, Format Version 12.00
# Visual Studio Version 17
VisualStudioVersion = 17.8.34330.188
MinimumVisualStudioVersion = 10.0.40219.1
Project("{FAE04EC0-301F-11D3-BF4B-00C04F79EFBC}") = "HOT1-1", "HOT1-1\HOT1-1.csproj", "{286FCE64-9E91-4BAB-BD68-ECB4477033AB}"
EndProject
Project("{FAE04EC0-301F-11D3-BF4B-00C04F79EFBC}") = "HOT1-2", "HOT1-2\HOT1-2.csproj", "{5018AEDB-74E2-43B3-94CA-D6D300D283EF}"
EndProject
Project("{FAE04EC0-301F-11D3-BF4B-00C04F79EFBC}") = "HOT1-3", "HOT1-3\HOT1-3.csproj", "{66180A23-95F6-4A97-8122-C986A5F433CE}"
EndProject
Project("{FAE04EC0-301F-11D3-BF4B-00C04F79EFBC}") = "HOT2-1", "HOT2-1\HOT2-1.csproj", "{D0402FFB-61FB-4031-9773-D18437838064}"
EndProject
Project("{FAE04EC0-301F-11D3-BF4B-00C04F79EFBC}") = "HOT2-2", "HOT2-2\HOT2-2.csproj", "{1ACAF3E7-A175-4E61-B961-3C17AFA50443}"
EndProject
Project("{FAE04EC0-301F-11D3-BF4B-00C04F79EFBC}") = "HOT2-3", "HOT2-3\HOT2-3.csproj", "{B66D7021-A889-4214-A348-256E27F69277}"
EndProject
Project("{FAE04EC0-301F-11D3-BF4B-00C04F79EFBC}") = "HOT3-1", "HOT3-1\HOT3-1.csproj", "{0F7743C8-D967-4F36-A3B1-0B0AB224BEDC}"
EndProject
Project("{FAE04EC0-301F-11D3-BF4B-00C04F79EFBC}") = "HOT3-2", "HOT3-2\HOT3-2.csproj", "{D6CE9F62-E375-4128-A037-B5CEC0D08A66}"
EndProject
Project("{FAE04EC0-301F-11D3-BF4B-00C04F79EFBC}") = "HOT8-1", "HOT8-1\HOT8-1.csproj", "{445C28CB-EE84-4166-87CF-2DD9A1029F53}"
EndProject
Project("{FAE04EC0-301F-11D3-BF4B-00C04F79EFBC}") = "HOT8-2", "HOT8-2\HOT8-2.csproj", "{9E6A6ACA-AB28-4F91-B0D3-3450F53B936C}"
EndProject
Project("{FAE04EC0-301F-11D3-BF4B-00C04F79EFBC}") = "HOT9-11", "HOT9-11\HOT9-11.csproj", "{4F50016E-5AD0-4C21-9ED0-631E84BECFF5}"
EndProject
Project("{FAE04EC0-301F-11D3-BF4B-00C04F79EFBC}") = "HOT12-1", "Homework12-01\HOT12-1.csproj", "{25961D09-3DB6-487C-8AA5-BE4850E09ED7}"
EndProject
Project("{FAE04EC0-301F-11D3-BF4B-00C04F79EFBC}") = "HOT12-2", "HOT12-2\HOT12-2.csproj", "{CDCECB74-4C50-44CE-8EA4-7D9C585C7789}"
EndProject
Global
	GlobalSection(SolutionConfigurationPlatforms) = preSolution
		Debug|Any CPU = Debug|Any CPU
		Release|Any CPU = Release|Any CPU
	EndGlobalSection
	GlobalSection(ProjectConfigurationPlatforms) = postSolution
		{286FCE64-9E91-4BAB-BD68-ECB4477033AB}.Debug|Any CPU.ActiveCfg = Debug|Any CPU
		{286FCE64-9E91-4BAB-BD68-ECB4477033AB}.Debug|Any CPU.Build.0 = Debug|Any CPU
		{286FCE64-9E91-4BAB-BD68-ECB4477033AB}.Release|Any CPU.ActiveCfg = Release|Any CPU
		{286FCE64-9E91-4BAB-BD68-ECB4477033AB}.Release|Any CPU.Build.0 = Release|Any CPU
		{5018AEDB-74E2-43B3-94CA-D6D300D283EF}.Debug|Any CPU.ActiveCfg = Debug|Any CPU
		{5018AEDB-74E2-43B3-94CA-D6D300D283EF}.Debug|Any CPU.Build.0 = Debug|Any CPU
		{5018AEDB-74E2-43B3-94CA-D6D300D283EF}.Release|Any CPU.ActiveCfg = Release|Any CPU
		{5018AEDB-74E2-43B3-94CA-D6D300D283EF}.Release|Any CPU.Build.0 = Release|Any CPU
		{66180A23-95F6-4A97-8122-C986A5F433CE}.Debug|Any CPU.ActiveCfg = Debug|Any CPU
		{66180A23-95F6-4A97-8122-C986A5F433CE}.Debug|Any CPU.Build.0 = Debug|Any CPU
		{66180A23-95F6-4A97-8122-C986A5F433CE}.Release|Any CPU.ActiveCfg = Release|Any CPU
		{66180A23-95F6-4A97-8122-C986A5F433CE}.Release|Any CPU.Build.0 = Release|Any CPU
		{D0402FFB-61FB-4031-9773-D18437838064}.Debug|Any CPU.ActiveCfg = Debug|Any CPU
		{D0402FFB-61FB-4031-9773-D18437838064}.Debug|Any CPU.Build.0 = Debug|Any CPU
		{D0402FFB-61FB-4031-9773-D18437838064}.Release|Any CPU.ActiveCfg = Release|Any CPU
		{D0402FFB-61FB-4031-9773-D18437838064}.Release|Any CPU.Build.0 = Release|Any CPU
		{1ACAF3E7-A175-4E61-B961-3C17AFA50443}.Debug|Any CPU.ActiveCfg = Debug|Any CPU
		{1ACAF3E7-A175-4E61-B961-3C17AFA50443}.Debug|Any CPU.Build.0 = Debug|Any CPU
		{1ACAF3E7-A175-4E61-B961-3C17AFA50443}.Release|Any CPU.ActiveCfg = Release|Any CPU
		{1ACAF3E7-A175-4E61-B961-3C17AFA50443}.Release|Any CPU.Build.0 = Release|Any CPU
		{B66D7021-A889-4214-A348-256E27F69277}.Debug|Any CPU.ActiveCfg = Debug|Any CPU
		{B66D7021-A889-4214-A348-256E27F69277}.Debug|Any CPU.Build.0 = Debug|Any CPU
		{B66D7021-A889-4214-A348-256E27F69277}.Release|Any CPU.ActiveCfg = Release|Any CPU
		{B66D7021-A889-4214-A348-256E27F69277}.Release|Any CPU.Build.0 = Release|Any CPU
		{0F7743C8-D967-4F36-A3B1-0B0AB224BEDC}.Debug|Any CPU.ActiveCfg = Debug|Any CPU
		{0F7743C8-D967-4F36-A3B1-0B0AB224BEDC}.Debug|Any CPU.Build.0 = Debug|Any CPU
		{0F7743C8-D967-4F36-A3B1-0B0AB224BEDC}.Release|Any CPU.ActiveCfg = Release|Any CPU
		{0F7743C8-D967-4F36-A3B1-0B0AB224BEDC}.Release|Any CPU.Build.0 = Release|Any CPU
		{D6CE9F62-E375-4128-A037-B5CEC0D08A66}.Debug|Any CPU.ActiveCfg = Debug|Any CPU
		{D6CE9F62-E375-4128-A037-B5CEC0D08A66}.Debug|Any CPU.Build.0 = Debug|Any CPU
		{D6CE9F62-E375-4128-A037-B5CEC0D08A66}.Release|Any CPU.ActiveCfg = Release|Any CPU
		{D6CE9F62-E375-4128-A037-B5CEC0D08A66}.Release|Any CPU.Build.0 = Release|Any CPU
		{445C28CB-EE84-4166-87CF-2DD9A1029F53}.Debug|Any CPU.ActiveCfg = Debug|Any CPU
		{445C28CB-EE84-4166-87CF-2DD9A1029F53}.Debug|Any CPU.Build.0 = Debug|Any CPU
		{445C28CB-EE84-4166-87CF-2DD9A1029F53}.Release|Any CPU.ActiveCfg = Release|Any CPU
		{445C28CB-EE84-4166-87CF-2DD9A1029F53}.Release|Any CPU.Build.0 = Release|Any CPU
		{9E6A6ACA-AB28-4F91-B0D3-3450F53B936C}.Debug|Any CPU.ActiveCfg = Debug|Any CPU
		{9E6A6ACA-AB28-4F91-B0D3-3450F53B936C}.Debug|Any CPU.Build.0 = Debug|Any CPU
		{9E6A6ACA-AB28-4F91-B0D3-3450F53B936C}.Release|Any CPU.ActiveCfg = Release|Any CPU
		{9E6A6ACA-AB28-4F91-B0D3-3450F53B936C}.Release|Any CPU.Build.0 = Release|Any CPU
		{4F50016E-5AD0-4C21-9ED0-631E84BECFF5}.Debug|Any CPU.ActiveCfg = Debug|Any CPU
		{4F50016E-5AD0-4C21-9ED0-631E84BECFF5}.Debug|Any CPU.Build.0 = Debug|Any CPU
		{4F50016E-5AD0-4C21-9ED0-631E84BECFF5}.Release|Any CPU.ActiveCfg = Release|Any CPU
		{4F50016E-5AD0-4C21-9ED0-631E84BECFF5}.Release|Any CPU.Build.0 = Release|Any CPU
		{25961D09-3DB6-487C-8AA5-BE4850E09ED7}.Debug|Any CPU.ActiveCfg = Debug|Any CPU
		{25961D09-3DB6-487C-8AA5-BE4850E09ED7}.Debug|Any CPU.Build.0 = Debug|Any CPU
		{25961D09-3DB6-487C-8AA5-BE4850E09ED7}.Release|Any CPU.ActiveCfg = Release|Any CPU
		{25961D09-3DB6-487C-8AA5-BE4850E09ED7}.Release|Any CPU.Build.0 = Release|Any CPU
		{CDCECB74-4C50-44CE-8EA4-7D9C585C7789}.Debug|Any CPU.ActiveCfg = Debug|Any CPU
		{CDCECB74-4C50-44CE-8EA4-7D9C585C7789}.Debug|Any CPU.Build.0 = Debug|Any CPU
		{CDCECB74-4C50-44CE-8EA4-7D9C585C7789}.Release|Any CPU.ActiveCfg = Release|Any CPU
		{CDCECB74-4C50-44CE-8EA4-7D9C585C7789}.Release|Any CPU.Build.0 = Release|Any CPU
	EndGlobalSection
	GlobalSection(SolutionProperties) = preSolution
		HideSolutionNode = FALSE
	EndGlobalSection
	GlobalSection(ExtensibilityGlobals) = postSolution
		SolutionGuid = {4DA89D08-D959-4A8F-BFB7-0176D7A7E198}
	EndGlobalSection
EndGlobal
